
Microsoft Visual Studio Solution File, Format Version 12.00
# Visual Studio Version 17
VisualStudioVersion = 17.5.33424.131
MinimumVisualStudioVersion = 10.0.40219.1
Project("{F184B08F-C81C-45F6-A57F-5ABD9991F28F}") = "Proyecto Koin", "Proyecto Koin\Proyecto Koin.vbproj", "{1CB15C83-7867-4937-B26C-65C568ABA75A}"
EndProject
Global
	GlobalSection(SolutionConfigurationPlatforms) = preSolution
		Debug|Any CPU = Debug|Any CPU
		Release|Any CPU = Release|Any CPU
	EndGlobalSection
	GlobalSection(ProjectConfigurationPlatforms) = postSolution
		{1CB15C83-7867-4937-B26C-65C568ABA75A}.Debug|Any CPU.ActiveCfg = Debug|Any CPU
		{1CB15C83-7867-4937-B26C-65C568ABA75A}.Debug|Any CPU.Build.0 = Debug|Any CPU
		{1CB15C83-7867-4937-B26C-65C568ABA75A}.Release|Any CPU.ActiveCfg = Release|Any CPU
		{1CB15C83-7867-4937-B26C-65C568ABA75A}.Release|Any CPU.Build.0 = Release|Any CPU
	EndGlobalSection
	GlobalSection(SolutionProperties) = preSolution
		HideSolutionNode = FALSE
	EndGlobalSection
	GlobalSection(ExtensibilityGlobals) = postSolution
		SolutionGuid = {19B76F6B-6A4A-4379-AE11-230E99617E38}
	EndGlobalSection
EndGlobal
